
Microsoft Visual Studio Solution File, Format Version 12.00
# Visual Studio 2012
Project("{FAE04EC0-301F-11D3-BF4B-00C04F79EFBC}") = "makeAppet", "makeAppet.csproj", "{9CC67C20-C371-43F2-8A59-C1E06417C7A5}"
EndProject
Project("{FAE04EC0-301F-11D3-BF4B-00C04F79EFBC}") = "makeAppet.UITests", "makeAppet.UITests\makeAppet.UITests.csproj", "{F8C260F8-F8E7-4587-9109-B3A760DBBC5C}"
EndProject
Global
	GlobalSection(SolutionConfigurationPlatforms) = preSolution
		Debug|iPhoneSimulator = Debug|iPhoneSimulator
		Release|iPhone = Release|iPhone
		Release|iPhoneSimulator = Release|iPhoneSimulator
		Debug|iPhone = Debug|iPhone
		Debug|Any CPU = Debug|Any CPU
		Release|Any CPU = Release|Any CPU
	EndGlobalSection
	GlobalSection(ProjectConfigurationPlatforms) = postSolution
		{9CC67C20-C371-43F2-8A59-C1E06417C7A5}.Debug|Any CPU.ActiveCfg = Debug|iPhoneSimulator
		{9CC67C20-C371-43F2-8A59-C1E06417C7A5}.Debug|Any CPU.Build.0 = Debug|iPhoneSimulator
		{9CC67C20-C371-43F2-8A59-C1E06417C7A5}.Debug|iPhone.ActiveCfg = Debug|iPhone
		{9CC67C20-C371-43F2-8A59-C1E06417C7A5}.Debug|iPhone.Build.0 = Debug|iPhone
		{9CC67C20-C371-43F2-8A59-C1E06417C7A5}.Debug|iPhoneSimulator.ActiveCfg = Debug|iPhoneSimulator
		{9CC67C20-C371-43F2-8A59-C1E06417C7A5}.Debug|iPhoneSimulator.Build.0 = Debug|iPhoneSimulator
		{9CC67C20-C371-43F2-8A59-C1E06417C7A5}.Release|Any CPU.ActiveCfg = Release|iPhone
		{9CC67C20-C371-43F2-8A59-C1E06417C7A5}.Release|Any CPU.Build.0 = Release|iPhone
		{9CC67C20-C371-43F2-8A59-C1E06417C7A5}.Release|iPhone.ActiveCfg = Release|iPhone
		{9CC67C20-C371-43F2-8A59-C1E06417C7A5}.Release|iPhone.Build.0 = Release|iPhone
		{9CC67C20-C371-43F2-8A59-C1E06417C7A5}.Release|iPhoneSimulator.ActiveCfg = Release|iPhoneSimulator
		{9CC67C20-C371-43F2-8A59-C1E06417C7A5}.Release|iPhoneSimulator.Build.0 = Release|iPhoneSimulator
		{F8C260F8-F8E7-4587-9109-B3A760DBBC5C}.Debug|Any CPU.ActiveCfg = Debug|Any CPU
		{F8C260F8-F8E7-4587-9109-B3A760DBBC5C}.Debug|Any CPU.Build.0 = Debug|Any CPU
		{F8C260F8-F8E7-4587-9109-B3A760DBBC5C}.Debug|iPhone.ActiveCfg = Debug|Any CPU
		{F8C260F8-F8E7-4587-9109-B3A760DBBC5C}.Debug|iPhone.Build.0 = Debug|Any CPU
		{F8C260F8-F8E7-4587-9109-B3A760DBBC5C}.Debug|iPhoneSimulator.ActiveCfg = Debug|Any CPU
		{F8C260F8-F8E7-4587-9109-B3A760DBBC5C}.Debug|iPhoneSimulator.Build.0 = Debug|Any CPU
		{F8C260F8-F8E7-4587-9109-B3A760DBBC5C}.Release|Any CPU.ActiveCfg = Release|Any CPU
		{F8C260F8-F8E7-4587-9109-B3A760DBBC5C}.Release|Any CPU.Build.0 = Release|Any CPU
		{F8C260F8-F8E7-4587-9109-B3A760DBBC5C}.Release|iPhone.ActiveCfg = Release|Any CPU
		{F8C260F8-F8E7-4587-9109-B3A760DBBC5C}.Release|iPhone.Build.0 = Release|Any CPU
		{F8C260F8-F8E7-4587-9109-B3A760DBBC5C}.Release|iPhoneSimulator.ActiveCfg = Release|Any CPU
		{F8C260F8-F8E7-4587-9109-B3A760DBBC5C}.Release|iPhoneSimulator.Build.0 = Release|Any CPU
	EndGlobalSection
EndGlobal
